Microsoft Visual Studio Solution File, Format Version 12.00
# Visual Studio Version 17
Project("{FAE04EC0-301F-11D3-BF4B-00C04F79EFBC}") = "SeenBetterDays", "SeenBetterDays\SeenBetterDays.csproj", "{B1E9A2C4-6D3F-4A7E-9C21-5F0D7A8E4B12}"
EndProject
Global
	GlobalSection(SolutionConfigurationPlatforms) = preSolution
		Debug|Any CPU = Debug|Any CPU
		Release|Any CPU = Release|Any CPU
	EndGlobalSection
	GlobalSection(ProjectConfigurationPlatforms) = postSolution
		{B1E9A2C4-6D3F-4A7E-9C21-5F0D7A8E4B12}.Debug|Any CPU.ActiveCfg = Debug|Any CPU
		{B1E9A2C4-6D3F-4A7E-9C21-5F0D7A8E4B12}.Debug|Any CPU.Build.0 = Debug|Any CPU
		{B1E9A2C4-6D3F-4A7E-9C21-5F0D7A8E4B12}.Release|Any CPU.ActiveCfg = Release|Any CPU
		{B1E9A2C4-6D3F-4A7E-9C21-5F0D7A8E4B12}.Release|Any CPU.Build.0 = Release|Any CPU
	EndGlobalSection
EndGlobal
